// !$*UTF8*$!
{
	archiveVersion = 1;
	classes = {
	};
	objectVersion = 56;
	objects = {

/* Begin PBXBuildFile section */
		6E0EB9842BD1A01800EB0350 /* AgoraManager.swift in Sources */ = {isa = PBXBuildFile; fileRef = 6E0EB9832BD1A01800EB0350 /* AgoraManager.swift */; };
		6E0EB9862BD1A9E800EB0350 /* DocsAppConfig.swift in Sources */ = {isa = PBXBuildFile; fileRef = 6E0EB9852BD1A9E800EB0350 /* DocsAppConfig.swift */; };
		6E0EB9882BD1AB7100EB0350 /* config.json in Resources */ = {isa = PBXBuildFile; fileRef = 6E0EB9872BD1AB7100EB0350 /* config.json */; };
		6E94E4112BCB19EB00E8E3E6 /* Gemini_Collaboration_IDEApp.swift in Sources */ = {isa = PBXBuildFile; fileRef = 6E94E4102BCB19EB00E8E3E6 /* Gemini_Collaboration_IDEApp.swift */; };
		6E94E4132BCB19EB00E8E3E6 /* ContentView.swift in Sources */ = {isa = PBXBuildFile; fileRef = 6E94E4122BCB19EB00E8E3E6 /* ContentView.swift */; };
		6E94E4152BCB19EC00E8E3E6 /* Assets.xcassets in Resources */ = {isa = PBXBuildFile; fileRef = 6E94E4142BCB19EC00E8E3E6 /* Assets.xcassets */; };
		6E94E4182BCB19EC00E8E3E6 /* Preview Assets.xcassets in Resources */ = {isa = PBXBuildFile; fileRef = 6E94E4172BCB19EC00E8E3E6 /* Preview Assets.xcassets */; };
		6E94E4202BCB1A2900E8E3E6 /* GoogleGenerativeAI in Frameworks */ = {isa = PBXBuildFile; productRef = 6E94E41F2BCB1A2900E8E3E6 /* GoogleGenerativeAI */; };
		6E94E4232BCB22DB00E8E3E6 /* PythonKit in Frameworks */ = {isa = PBXBuildFile; productRef = 6E94E4222BCB22DB00E8E3E6 /* PythonKit */; };
		6E94E42A2BCD87FA00E8E3E6 /* AIAEC in Frameworks */ = {isa = PBXBuildFile; productRef = 6E94E4292BCD87FA00E8E3E6 /* AIAEC */; };
		6E94E42C2BCD87FA00E8E3E6 /* AINS in Frameworks */ = {isa = PBXBuildFile; productRef = 6E94E42B2BCD87FA00E8E3E6 /* AINS */; };
		6E94E42E2BCD87FA00E8E3E6 /* AudioBeauty in Frameworks */ = {isa = PBXBuildFile; productRef = 6E94E42D2BCD87FA00E8E3E6 /* AudioBeauty */; };
		6E94E4302BCD87FA00E8E3E6 /* RtcBasic in Frameworks */ = {isa = PBXBuildFile; productRef = 6E94E42F2BCD87FA00E8E3E6 /* RtcBasic */; };
		6E94E4322BCD87FA00E8E3E6 /* SpatialAudio in Frameworks */ = {isa = PBXBuildFile; productRef = 6E94E4312BCD87FA00E8E3E6 /* SpatialAudio */; };
/* End PBXBuildFile section */

/* Begin PBXFileReference section */
		6E0EB9822BD198B000EB0350 /* Gemini-Collaboration-IDE-Info.plist */ = {isa = PBXFileReference; lastKnownFileType = text.plist; path = "Gemini-Collaboration-IDE-Info.plist"; sourceTree = SOURCE_ROOT; };
		6E0EB9832BD1A01800EB0350 /* AgoraManager.swift */ = {isa = PBXFileReference; lastKnownFileType = sourcecode.swift; path = AgoraManager.swift; sourceTree = "<group>"; };
		6E0EB9852BD1A9E800EB0350 /* DocsAppConfig.swift */ = {isa = PBXFileReference; lastKnownFileType = sourcecode.swift; path = DocsAppConfig.swift; sourceTree = "<group>"; };
		6E0EB9872BD1AB7100EB0350 /* config.json */ = {isa = PBXFileReference; fileEncoding = 4; lastKnownFileType = text.json; path = config.json; sourceTree = "<group>"; };
		6E94E40D2BCB19EB00E8E3E6 /* Gemini Collaboration IDE.app */ = {isa = PBXFileReference; explicitFileType = wrapper.application; includeInIndex = 0; path = "Gemini Collaboration IDE.app"; sourceTree = BUILT_PRODUCTS_DIR; };
		6E94E4102BCB19EB00E8E3E6 /* Gemini_Collaboration_IDEApp.swift */ = {isa = PBXFileReference; lastKnownFileType = sourcecode.swift; path = Gemini_Collaboration_IDEApp.swift; sourceTree = "<group>"; };
		6E94E4122BCB19EB00E8E3E6 /* ContentView.swift */ = {isa = PBXFileReference; lastKnownFileType = sourcecode.swift; path = ContentView.swift; sourceTree = "<group>"; };
		6E94E4142BCB19EC00E8E3E6 /* Assets.xcassets */ = {isa = PBXFileReference; lastKnownFileType = folder.assetcatalog; path = Assets.xcassets; sourceTree = "<group>"; };
		6E94E4172BCB19EC00E8E3E6 /* Preview Assets.xcassets */ = {isa = PBXFileReference; lastKnownFileType = folder.assetcatalog; path = "Preview Assets.xcassets"; sourceTree = "<group>"; };
/* End PBXFileReference section */

/* Begin PBXFrameworksBuildPhase section */
		6E94E40A2BCB19EB00E8E3E6 /* Frameworks */ = {
			isa = PBXFrameworksBuildPhase;
			buildActionMask = 2147483647;
			files = (
				6E94E42A2BCD87FA00E8E3E6 /* AIAEC in Frameworks */,
				6E94E4202BCB1A2900E8E3E6 /* GoogleGenerativeAI in Frameworks */,
				6E94E4232BCB22DB00E8E3E6 /* PythonKit in Frameworks */,
				6E94E42E2BCD87FA00E8E3E6 /* AudioBeauty in Frameworks */,
				6E94E42C2BCD87FA00E8E3E6 /* AINS in Frameworks */,
				6E94E4302BCD87FA00E8E3E6 /* RtcBasic in Frameworks */,
				6E94E4322BCD87FA00E8E3E6 /* SpatialAudio in Frameworks */,
			);
			runOnlyForDeploymentPostprocessing = 0;
		};
/* End PBXFrameworksBuildPhase section */

/* Begin PBXGroup section */
		6E94E4042BCB19EB00E8E3E6 = {
			isa = PBXGroup;
			children = (
				6E94E40F2BCB19EB00E8E3E6 /* Gemini Collaboration IDE */,
				6E94E40E2BCB19EB00E8E3E6 /* Products */,
			);
			sourceTree = "<group>";
		};
		6E94E40E2BCB19EB00E8E3E6 /* Products */ = {
			isa = PBXGroup;
			children = (
				6E94E40D2BCB19EB00E8E3E6 /* Gemini Collaboration IDE.app */,
			);
			name = Products;
			sourceTree = "<group>";
		};
		6E94E40F2BCB19EB00E8E3E6 /* Gemini Collaboration IDE */ = {
			isa = PBXGroup;
			children = (
				6E0EB9872BD1AB7100EB0350 /* config.json */,
				6E0EB9822BD198B000EB0350 /* Gemini-Collaboration-IDE-Info.plist */,
				6E94E4102BCB19EB00E8E3E6 /* Gemini_Collaboration_IDEApp.swift */,
				6E94E4122BCB19EB00E8E3E6 /* ContentView.swift */,
				6E94E4142BCB19EC00E8E3E6 /* Assets.xcassets */,
				6E94E4162BCB19EC00E8E3E6 /* Preview Content */,
				6E0EB9832BD1A01800EB0350 /* AgoraManager.swift */,
				6E0EB9852BD1A9E800EB0350 /* DocsAppConfig.swift */,
			);
			path = "Gemini Collaboration IDE";
			sourceTree = "<group>";
		};
		6E94E4162BCB19EC00E8E3E6 /* Preview Content */ = {
			isa = PBXGroup;
			children = (
				6E94E4172BCB19EC00E8E3E6 /* Preview Assets.xcassets */,
			);
			path = "Preview Content";
			sourceTree = "<group>";
		};
/* End PBXGroup section */

/* Begin PBXNativeTarget section */
		6E94E40C2BCB19EB00E8E3E6 /* Gemini Collaboration IDE */ = {
			isa = PBXNativeTarget;
			buildConfigurationList = 6E94E41B2BCB19EC00E8E3E6 /* Build configuration list for PBXNativeTarget "Gemini Collaboration IDE" */;
			buildPhases = (
				6E94E4092BCB19EB00E8E3E6 /* Sources */,
				6E94E40A2BCB19EB00E8E3E6 /* Frameworks */,
				6E94E40B2BCB19EB00E8E3E6 /* Resources */,
			);
			buildRules = (
			);
			dependencies = (
			);
			name = "Gemini Collaboration IDE";
			packageProductDependencies = (
				6E94E41F2BCB1A2900E8E3E6 /* GoogleGenerativeAI */,
				6E94E4222BCB22DB00E8E3E6 /* PythonKit */,
				6E94E4292BCD87FA00E8E3E6 /* AIAEC */,
				6E94E42B2BCD87FA00E8E3E6 /* AINS */,
				6E94E42D2BCD87FA00E8E3E6 /* AudioBeauty */,
				6E94E42F2BCD87FA00E8E3E6 /* RtcBasic */,
				6E94E4312BCD87FA00E8E3E6 /* SpatialAudio */,
			);
			productName = "Gemini Collaboration IDE";
			productReference = 6E94E40D2BCB19EB00E8E3E6 /* Gemini Collaboration IDE.app */;
			productType = "com.apple.product-type.application";
		};
/* End PBXNativeTarget section */

/* Begin PBXProject section */
		6E94E4052BCB19EB00E8E3E6 /* Project object */ = {
			isa = PBXProject;
			attributes = {
				BuildIndependentTargetsInParallel = 1;
				LastSwiftUpdateCheck = 1530;
				LastUpgradeCheck = 1530;
				TargetAttributes = {
					6E94E40C2BCB19EB00E8E3E6 = {
						CreatedOnToolsVersion = 15.3;
					};
				};
			};
			buildConfigurationList = 6E94E4082BCB19EB00E8E3E6 /* Build configuration list for PBXProject "Gemini Collaboration IDE" */;
			compatibilityVersion = "Xcode 14.0";
			developmentRegion = en;
			hasScannedForEncodings = 0;
			knownRegions = (
				en,
				Base,
			);
			mainGroup = 6E94E4042BCB19EB00E8E3E6;
			packageReferences = (
				6E94E41E2BCB1A2900E8E3E6 /* XCRemoteSwiftPackageReference "generative-ai-swift" */,
				6E94E4212BCB22DB00E8E3E6 /* XCRemoteSwiftPackageReference "PythonKit" */,
				6E94E4282BCD87FA00E8E3E6 /* XCRemoteSwiftPackageReference "AgoraAudio_iOS" */,
			);
			productRefGroup = 6E94E40E2BCB19EB00E8E3E6 /* Products */;
			projectDirPath = "";
			projectRoot = "";
			targets = (
				6E94E40C2BCB19EB00E8E3E6 /* Gemini Collaboration IDE */,
			);
		};
/* End PBXProject section */

/* Begin PBXResourcesBuildPhase section */
		6E94E40B2BCB19EB00E8E3E6 /* Resources */ = {
			isa = PBXResourcesBuildPhase;
			buildActionMask = 2147483647;
			files = (
				6E94E4182BCB19EC00E8E3E6 /* Preview Assets.xcassets in Resources */,
				6E94E4152BCB19EC00E8E3E6 /* Assets.xcassets in Resources */,
				6E0EB9882BD1AB7100EB0350 /* config.json in Resources */,
			);
			runOnlyForDeploymentPostprocessing = 0;
		};
/* End PBXResourcesBuildPhase section */

/* Begin PBXSourcesBuildPhase section */
		6E94E4092BCB19EB00E8E3E6 /* Sources */ = {
			isa = PBXSourcesBuildPhase;
			buildActionMask = 2147483647;
			files = (
				6E94E4132BCB19EB00E8E3E6 /* ContentView.swift in Sources */,
				6E94E4112BCB19EB00E8E3E6 /* Gemini_Collaboration_IDEApp.swift in Sources */,
				6E0EB9862BD1A9E800EB0350 /* DocsAppConfig.swift in Sources */,
				6E0EB9842BD1A01800EB0350 /* AgoraManager.swift in Sources */,
			);
			runOnlyForDeploymentPostprocessing = 0;
		};
/* End PBXSourcesBuildPhase section */

/* Begin XCBuildConfiguration section */
		6E94E4192BCB19EC00E8E3E6 /* Debug */ = {
			isa = XCBuildConfiguration;
			buildSettings = {
				ALWAYS_SEARCH_USER_PATHS = NO;
				ASSETCATALOG_COMPILER_GENERATE_SWIFT_ASSET_SYMBOL_EXTENSIONS = YES;
				CLANG_ANALYZER_NONNULL = YES;
				CLANG_ANALYZER_NUMBER_OBJECT_CONVERSION = YES_AGGRESSIVE;
				CLANG_CXX_LANGUAGE_STANDARD = "gnu++20";
				CLANG_ENABLE_MODULES = YES;
				CLANG_ENABLE_OBJC_ARC = YES;
				CLANG_ENABLE_OBJC_WEAK = YES;
				CLANG_WARN_BLOCK_CAPTURE_AUTORELEASING = YES;
				CLANG_WARN_BOOL_CONVERSION = YES;
				CLANG_WARN_COMMA = YES;
				CLANG_WARN_CONSTANT_CONVERSION = YES;
				CLANG_WARN_DEPRECATED_OBJC_IMPLEMENTATIONS = YES;
				CLANG_WARN_DIRECT_OBJC_ISA_USAGE = YES_ERROR;
				CLANG_WARN_DOCUMENTATION_COMMENTS = YES;
				CLANG_WARN_EMPTY_BODY = YES;
				CLANG_WARN_ENUM_CONVERSION = YES;
				CLANG_WARN_INFINITE_RECURSION = YES;
				CLANG_WARN_INT_CONVERSION = YES;
				CLANG_WARN_NON_LITERAL_NULL_CONVERSION = YES;
				CLANG_WARN_OBJC_IMPLICIT_RETAIN_SELF = YES;
				CLANG_WARN_OBJC_LITERAL_CONVERSION = YES;
				CLANG_WARN_OBJC_ROOT_CLASS = YES_ERROR;
				CLANG_WARN_QUOTED_INCLUDE_IN_FRAMEWORK_HEADER = YES;
				CLANG_WARN_RANGE_LOOP_ANALYSIS = YES;
				CLANG_WARN_STRICT_PROTOTYPES = YES;
				CLANG_WARN_SUSPICIOUS_MOVE = YES;
				CLANG_WARN_UNGUARDED_AVAILABILITY = YES_AGGRESSIVE;
				CLANG_WARN_UNREACHABLE_CODE = YES;
				CLANG_WARN__DUPLICATE_METHOD_MATCH = YES;
				COPY_PHASE_STRIP = NO;
				DEBUG_INFORMATION_FORMAT = dwarf;
				ENABLE_STRICT_OBJC_MSGSEND = YES;
				ENABLE_TESTABILITY = YES;
				ENABLE_USER_SCRIPT_SANDBOXING = YES;
				GCC_C_LANGUAGE_STANDARD = gnu17;
				GCC_DYNAMIC_NO_PIC = NO;
				GCC_NO_COMMON_BLOCKS = YES;
				GCC_OPTIMIZATION_LEVEL = 0;
				GCC_PREPROCESSOR_DEFINITIONS = (
					"DEBUG=1",
					"$(inherited)",
				);
				GCC_WARN_64_TO_32_BIT_CONVERSION = YES;
				GCC_WARN_ABOUT_RETURN_TYPE = YES_ERROR;
				GCC_WARN_UNDECLARED_SELECTOR = YES;
				GCC_WARN_UNINITIALIZED_AUTOS = YES_AGGRESSIVE;
				GCC_WARN_UNUSED_FUNCTION = YES;
				GCC_WARN_UNUSED_VARIABLE = YES;
				IPHONEOS_DEPLOYMENT_TARGET = 17.4;
				LOCALIZATION_PREFERS_STRING_CATALOGS = YES;
				MTL_ENABLE_DEBUG_INFO = INCLUDE_SOURCE;
				MTL_FAST_MATH = YES;
				ONLY_ACTIVE_ARCH = YES;
				SDKROOT = iphoneos;
				SWIFT_ACTIVE_COMPILATION_CONDITIONS = "DEBUG $(inherited)";
				SWIFT_OPTIMIZATION_LEVEL = "-Onone";
			};
			name = Debug;
		};
		6E94E41A2BCB19EC00E8E3E6 /* Release */ = {
			isa = XCBuildConfiguration;
			buildSettings = {
				ALWAYS_SEARCH_USER_PATHS = NO;
				ASSETCATALOG_COMPILER_GENERATE_SWIFT_ASSET_SYMBOL_EXTENSIONS = YES;
				CLANG_ANALYZER_NONNULL = YES;
				CLANG_ANALYZER_NUMBER_OBJECT_CONVERSION = YES_AGGRESSIVE;
				CLANG_CXX_LANGUAGE_STANDARD = "gnu++20";
				CLANG_ENABLE_MODULES = YES;
				CLANG_ENABLE_OBJC_ARC = YES;
				CLANG_ENABLE_OBJC_WEAK = YES;
				CLANG_WARN_BLOCK_CAPTURE_AUTORELEASING = YES;
				CLANG_WARN_BOOL_CONVERSION = YES;
				CLANG_WARN_COMMA = YES;
				CLANG_WARN_CONSTANT_CONVERSION = YES;
				CLANG_WARN_DEPRECATED_OBJC_IMPLEMENTATIONS = YES;
				CLANG_WARN_DIRECT_OBJC_ISA_USAGE = YES_ERROR;
				CLANG_WARN_DOCUMENTATION_COMMENTS = YES;
				CLANG_WARN_EMPTY_BODY = YES;
				CLANG_WARN_ENUM_CONVERSION = YES;
				CLANG_WARN_INFINITE_RECURSION = YES;
				CLANG_WARN_INT_CONVERSION = YES;
				CLANG_WARN_NON_LITERAL_NULL_CONVERSION = YES;
				CLANG_WARN_OBJC_IMPLICIT_RETAIN_SELF = YES;
				CLANG_WARN_OBJC_LITERAL_CONVERSION = YES;
				CLANG_WARN_OBJC_ROOT_CLASS = YES_ERROR;
				CLANG_WARN_QUOTED_INCLUDE_IN_FRAMEWORK_HEADER = YES;
				CLANG_WARN_RANGE_LOOP_ANALYSIS = YES;
				CLANG_WARN_STRICT_PROTOTYPES = YES;
				CLANG_WARN_SUSPICIOUS_MOVE = YES;
				CLANG_WARN_UNGUARDED_AVAILABILITY = YES_AGGRESSIVE;
				CLANG_WARN_UNREACHABLE_CODE = YES;
				CLANG_WARN__DUPLICATE_METHOD_MATCH = YES;
				COPY_PHASE_STRIP = NO;
				DEBUG_INFORMATION_FORMAT = "dwarf-with-dsym";
				ENABLE_NS_ASSERTIONS = NO;
				ENABLE_STRICT_OBJC_MSGSEND = YES;
				ENABLE_USER_SCRIPT_SANDBOXING = YES;
				GCC_C_LANGUAGE_STANDARD = gnu17;
				GCC_NO_COMMON_BLOCKS = YES;
				GCC_WARN_64_TO_32_BIT_CONVERSION = YES;
				GCC_WARN_ABOUT_RETURN_TYPE = YES_ERROR;
				GCC_WARN_UNDECLARED_SELECTOR = YES;
				GCC_WARN_UNINITIALIZED_AUTOS = YES_AGGRESSIVE;
				GCC_WARN_UNUSED_FUNCTION = YES;
				GCC_WARN_UNUSED_VARIABLE = YES;
				IPHONEOS_DEPLOYMENT_TARGET = 17.4;
				LOCALIZATION_PREFERS_STRING_CATALOGS = YES;
				MTL_ENABLE_DEBUG_INFO = NO;
				MTL_FAST_MATH = YES;
				SDKROOT = iphoneos;
				SWIFT_COMPILATION_MODE = wholemodule;
				VALIDATE_PRODUCT = YES;
			};
			name = Release;
		};
		6E94E41C2BCB19EC00E8E3E6 /* Debug */ = {
			isa = XCBuildConfiguration;
			buildSettings = {
				ASSETCATALOG_COMPILER_APPICON_NAME = AppIcon;
				ASSETCATALOG_COMPILER_GLOBAL_ACCENT_COLOR_NAME = AccentColor;
				CODE_SIGN_STYLE = Automatic;
				CURRENT_PROJECT_VERSION = 1;
				DEVELOPMENT_ASSET_PATHS = "\"Gemini Collaboration IDE/Preview Content\"";
				DEVELOPMENT_TEAM = 4NFBA37TDD;
				ENABLE_PREVIEWS = YES;
				GENERATE_INFOPLIST_FILE = YES;
				INFOPLIST_FILE = "Gemini-Collaboration-IDE-Info.plist";
				INFOPLIST_KEY_NSMicrophoneUsageDescription = "Your microphone is needed for audio communication";
				INFOPLIST_KEY_UIApplicationSceneManifest_Generation = YES;
				INFOPLIST_KEY_UIApplicationSupportsIndirectInputEvents = YES;
				INFOPLIST_KEY_UILaunchScreen_Generation = YES;
				INFOPLIST_KEY_UISupportedInterfaceOrientations_iPad = "UIInterfaceOrientationPortrait UIInterfaceOrientationPortraitUpsideDown UIInterfaceOrientationLandscapeLeft UIInterfaceOrientationLandscapeRight";
				INFOPLIST_KEY_UISupportedInterfaceOrientations_iPhone = "UIInterfaceOrientationPortrait UIInterfaceOrientationLandscapeLeft UIInterfaceOrientationLandscapeRight";
				LD_RUNPATH_SEARCH_PATHS = (
					"$(inherited)",
					"@executable_path/Frameworks",
				);
				LIBRARY_SEARCH_PATHS = (
					"$(inherited)",
					"$(PROJECT_DIR)/Gemini\\ Collaboration\\ IDE",
					"$(PROJECT_DIR)/Gemini\\ Collaboration\\ IDE",
				);
				MARKETING_VERSION = 1.0;
				PRODUCT_BUNDLE_IDENTIFIER = "vmj.Gemini-Collaboration-IDE";
				PRODUCT_NAME = "$(TARGET_NAME)";
				SWIFT_EMIT_LOC_STRINGS = YES;
				SWIFT_VERSION = 5.0;
				TARGETED_DEVICE_FAMILY = "1,2";
			};
			name = Debug;
		};
		6E94E41D2BCB19EC00E8E3E6 /* Release */ = {
			isa = XCBuildConfiguration;
			buildSettings = {
				ASSETCATALOG_COMPILER_APPICON_NAME = AppIcon;
				ASSETCATALOG_COMPILER_GLOBAL_ACCENT_COLOR_NAME = AccentColor;
				CODE_SIGN_STYLE = Automatic;
				CURRENT_PROJECT_VERSION = 1;
				DEVELOPMENT_ASSET_PATHS = "\"Gemini Collaboration IDE/Preview Content\"";
				DEVELOPMENT_TEAM = 4NFBA37TDD;
				ENABLE_PREVIEWS = YES;
				GENERATE_INFOPLIST_FILE = YES;
				INFOPLIST_FILE = "Gemini-Collaboration-IDE-Info.plist";
				INFOPLIST_KEY_NSMicrophoneUsageDescription = "Your microphone is needed for audio communication";
				INFOPLIST_KEY_UIApplicationSceneManifest_Generation = YES;
				INFOPLIST_KEY_UIApplicationSupportsIndirectInputEvents = YES;
				INFOPLIST_KEY_UILaunchScreen_Generation = YES;
				INFOPLIST_KEY_UISupportedInterfaceOrientations_iPad = "UIInterfaceOrientationPortrait UIInterfaceOrientationPortraitUpsideDown UIInterfaceOrientationLandscapeLeft UIInterfaceOrientationLandscapeRight";
				INFOPLIST_KEY_UISupportedInterfaceOrientations_iPhone = "UIInterfaceOrientationPortrait UIInterfaceOrientationLandscapeLeft UIInterfaceOrientationLandscapeRight";
				LD_RUNPATH_SEARCH_PATHS = (
					"$(inherited)",
					"@executable_path/Frameworks",
				);
				LIBRARY_SEARCH_PATHS = (
					"$(inherited)",
					"$(PROJECT_DIR)/Gemini\\ Collaboration\\ IDE",
					"$(PROJECT_DIR)/Gemini\\ Collaboration\\ IDE",
				);
				MARKETING_VERSION = 1.0;
				PRODUCT_BUNDLE_IDENTIFIER = "vmj.Gemini-Collaboration-IDE";
				PRODUCT_NAME = "$(TARGET_NAME)";
				SWIFT_EMIT_LOC_STRINGS = YES;
				SWIFT_VERSION = 5.0;
				TARGETED_DEVICE_FAMILY = "1,2";
			};
			name = Release;
		};
/* End XCBuildConfiguration section */

/* Begin XCConfigurationList section */
		6E94E4082BCB19EB00E8E3E6 /* Build configuration list for PBXProject "Gemini Collaboration IDE" */ = {
			isa = XCConfigurationList;
			buildConfigurations = (
				6E94E4192BCB19EC00E8E3E6 /* Debug */,
				6E94E41A2BCB19EC00E8E3E6 /* Release */,
			);
			defaultConfigurationIsVisible = 0;
			defaultConfigurationName = Release;
		};
		6E94E41B2BCB19EC00E8E3E6 /* Build configuration list for PBXNativeTarget "Gemini Collaboration IDE" */ = {
			isa = XCConfigurationList;
			buildConfigurations = (
				6E94E41C2BCB19EC00E8E3E6 /* Debug */,
				6E94E41D2BCB19EC00E8E3E6 /* Release */,
			);
			defaultConfigurationIsVisible = 0;
			defaultConfigurationName = Release;
		};
/* End XCConfigurationList section */

/* Begin XCRemoteSwiftPackageReference section */
		6E94E41E2BCB1A2900E8E3E6 /* XCRemoteSwiftPackageReference "generative-ai-swift" */ = {
			isa = XCRemoteSwiftPackageReference;
			repositoryURL = "https://github.com/google/generative-ai-swift";
			requirement = {
				kind = upToNextMajorVersion;
				minimumVersion = 0.4.11;
			};
		};
		6E94E4212BCB22DB00E8E3E6 /* XCRemoteSwiftPackageReference "PythonKit" */ = {
			isa = XCRemoteSwiftPackageReference;
			repositoryURL = "https://github.com/pvieito/PythonKit.git";
			requirement = {
				branch = master;
				kind = branch;
			};
		};
		6E94E4282BCD87FA00E8E3E6 /* XCRemoteSwiftPackageReference "AgoraAudio_iOS" */ = {
			isa = XCRemoteSwiftPackageReference;
			repositoryURL = "https://github.com/AgoraIO/AgoraAudio_iOS";
			requirement = {
				kind = upToNextMajorVersion;
				minimumVersion = 4.3.0;
			};
		};
/* End XCRemoteSwiftPackageReference section */

/* Begin XCSwiftPackageProductDependency section */
		6E94E41F2BCB1A2900E8E3E6 /* GoogleGenerativeAI */ = {
			isa = XCSwiftPackageProductDependency;
			package = 6E94E41E2BCB1A2900E8E3E6 /* XCRemoteSwiftPackageReference "generative-ai-swift" */;
			productName = GoogleGenerativeAI;
		};
		6E94E4222BCB22DB00E8E3E6 /* PythonKit */ = {
			isa = XCSwiftPackageProductDependency;
			package = 6E94E4212BCB22DB00E8E3E6 /* XCRemoteSwiftPackageReference "PythonKit" */;
			productName = PythonKit;
		};
		6E94E4292BCD87FA00E8E3E6 /* AIAEC */ = {
			isa = XCSwiftPackageProductDependency;
			package = 6E94E4282BCD87FA00E8E3E6 /* XCRemoteSwiftPackageReference "AgoraAudio_iOS" */;
			productName = AIAEC;
		};
		6E94E42B2BCD87FA00E8E3E6 /* AINS */ = {
			isa = XCSwiftPackageProductDependency;
			package = 6E94E4282BCD87FA00E8E3E6 /* XCRemoteSwiftPackageReference "AgoraAudio_iOS" */;
			productName = AINS;
		};
		6E94E42D2BCD87FA00E8E3E6 /* AudioBeauty */ = {
			isa = XCSwiftPackageProductDependency;
			package = 6E94E4282BCD87FA00E8E3E6 /* XCRemoteSwiftPackageReference "AgoraAudio_iOS" */;
			productName = AudioBeauty;
		};
		6E94E42F2BCD87FA00E8E3E6 /* RtcBasic */ = {
			isa = XCSwiftPackageProductDependency;
			package = 6E94E4282BCD87FA00E8E3E6 /* XCRemoteSwiftPackageReference "AgoraAudio_iOS" */;
			productName = RtcBasic;
		};
		6E94E4312BCD87FA00E8E3E6 /* SpatialAudio */ = {
			isa = XCSwiftPackageProductDependency;
			package = 6E94E4282BCD87FA00E8E3E6 /* XCRemoteSwiftPackageReference "AgoraAudio_iOS" */;
			productName = SpatialAudio;
		};
/* End XCSwiftPackageProductDependency section */
	};
	rootObject = 6E94E4052BCB19EB00E8E3E6 /* Project object */;
}
