// !$*UTF8*$!
{
	archiveVersion = 1;
	classes = {
	};
	objectVersion = 56;
	objects = {

/* Begin PBXBuildFile section */
		6E06FD642BF6FDAB008A8A36 /* ProjectManager.swift in Sources */ = {isa = PBXBuildFile; fileRef = 6E06FD632BF6FDAB008A8A36 /* ProjectManager.swift */; };
		6E0EB9862BD1A9E800EB0350 /* DocsAppConfig.swift in Sources */ = {isa = PBXBuildFile; fileRef = 6E0EB9852BD1A9E800EB0350 /* DocsAppConfig.swift */; };
		6E0EB9882BD1AB7100EB0350 /* config.json in Resources */ = {isa = PBXBuildFile; fileRef = 6E0EB9872BD1AB7100EB0350 /* config.json */; };
		6E3EE9B92BF6FE4600E986D4 /* Project.swift in Sources */ = {isa = PBXBuildFile; fileRef = 6E3EE9B82BF6FE4600E986D4 /* Project.swift */; };
		6E3EE9C32BF7006900E986D4 /* CardView.swift in Sources */ = {isa = PBXBuildFile; fileRef = 6E3EE9BA2BF7006900E986D4 /* CardView.swift */; };
		6E3EE9C42BF7006900E986D4 /* CreateProjectView.swift in Sources */ = {isa = PBXBuildFile; fileRef = 6E3EE9BB2BF7006900E986D4 /* CreateProjectView.swift */; };
		6E3EE9C52BF7006900E986D4 /* AllProjectsView.swift in Sources */ = {isa = PBXBuildFile; fileRef = 6E3EE9BC2BF7006900E986D4 /* AllProjectsView.swift */; };
		6E3EE9C62BF7006900E986D4 /* ContentView.swift in Sources */ = {isa = PBXBuildFile; fileRef = 6E3EE9BD2BF7006900E986D4 /* ContentView.swift */; };
		6E3EE9C72BF7006900E986D4 /* AgoraKitView.swift in Sources */ = {isa = PBXBuildFile; fileRef = 6E3EE9BE2BF7006900E986D4 /* AgoraKitView.swift */; };
		6E3EE9C82BF7006900E986D4 /* GeminiView.swift in Sources */ = {isa = PBXBuildFile; fileRef = 6E3EE9BF2BF7006900E986D4 /* GeminiView.swift */; };
		6E3EE9C92BF7006900E986D4 /* SignUpView.swift in Sources */ = {isa = PBXBuildFile; fileRef = 6E3EE9C02BF7006900E986D4 /* SignUpView.swift */; };
		6E3EE9CA2BF7006900E986D4 /* LoginView.swift in Sources */ = {isa = PBXBuildFile; fileRef = 6E3EE9C12BF7006900E986D4 /* LoginView.swift */; };
		6E3EE9CB2BF7006900E986D4 /* JoinProjectView.swift in Sources */ = {isa = PBXBuildFile; fileRef = 6E3EE9C22BF7006900E986D4 /* JoinProjectView.swift */; };
		6E94E4112BCB19EB00E8E3E6 /* Gemini_Collaboration_IDEApp.swift in Sources */ = {isa = PBXBuildFile; fileRef = 6E94E4102BCB19EB00E8E3E6 /* Gemini_Collaboration_IDEApp.swift */; };
		6E94E4152BCB19EC00E8E3E6 /* Assets.xcassets in Resources */ = {isa = PBXBuildFile; fileRef = 6E94E4142BCB19EC00E8E3E6 /* Assets.xcassets */; };
		6E94E4182BCB19EC00E8E3E6 /* Preview Assets.xcassets in Resources */ = {isa = PBXBuildFile; fileRef = 6E94E4172BCB19EC00E8E3E6 /* Preview Assets.xcassets */; };
		6E94E4202BCB1A2900E8E3E6 /* GoogleGenerativeAI in Frameworks */ = {isa = PBXBuildFile; productRef = 6E94E41F2BCB1A2900E8E3E6 /* GoogleGenerativeAI */; };
		6EA088502BF5ABF000F22689 /* SpecialButton.swift in Sources */ = {isa = PBXBuildFile; fileRef = 6EA0884F2BF5ABF000F22689 /* SpecialButton.swift */; };
		6EA088562BF6B3E200F22689 /* AuthManager.swift in Sources */ = {isa = PBXBuildFile; fileRef = 6EA088552BF6B3E200F22689 /* AuthManager.swift */; };
		6EA088582BF6B42B00F22689 /* FirebaseAuth in Frameworks */ = {isa = PBXBuildFile; productRef = 6EA088572BF6B42B00F22689 /* FirebaseAuth */; };
		6EB88F3D2BD4C1C000A65C43 /* GoogleService-Info.plist in Resources */ = {isa = PBXBuildFile; fileRef = 6EB88F3C2BD4C1C000A65C43 /* GoogleService-Info.plist */; };
		6EB88F402BD4C23D00A65C43 /* FirebaseAnalytics in Frameworks */ = {isa = PBXBuildFile; productRef = 6EB88F3F2BD4C23D00A65C43 /* FirebaseAnalytics */; };
		6EB88F422BD4C23D00A65C43 /* FirebaseAnalyticsOnDeviceConversion in Frameworks */ = {isa = PBXBuildFile; productRef = 6EB88F412BD4C23D00A65C43 /* FirebaseAnalyticsOnDeviceConversion */; };
		6EB88F442BD4C23D00A65C43 /* FirebaseAnalyticsSwift in Frameworks */ = {isa = PBXBuildFile; productRef = 6EB88F432BD4C23D00A65C43 /* FirebaseAnalyticsSwift */; };
		6EB88F462BD4C23D00A65C43 /* FirebaseAnalyticsWithoutAdIdSupport in Frameworks */ = {isa = PBXBuildFile; productRef = 6EB88F452BD4C23D00A65C43 /* FirebaseAnalyticsWithoutAdIdSupport */; };
		6EB88F4A2BD4C53400A65C43 /* CodeManager.swift in Sources */ = {isa = PBXBuildFile; fileRef = 6EB88F492BD4C53400A65C43 /* CodeManager.swift */; };
		6EB88F4F2BD4C7BF00A65C43 /* FirebaseDatabase in Frameworks */ = {isa = PBXBuildFile; productRef = 6EB88F4E2BD4C7BF00A65C43 /* FirebaseDatabase */; };
		6EB88F512BD4C7C800A65C43 /* FirebaseDatabaseSwift in Frameworks */ = {isa = PBXBuildFile; productRef = 6EB88F502BD4C7C800A65C43 /* FirebaseDatabaseSwift */; };
		6EB88F532BD5F37C00A65C43 /* FirebaseFirestore in Frameworks */ = {isa = PBXBuildFile; productRef = 6EB88F522BD5F37C00A65C43 /* FirebaseFirestore */; };
		6EB88F552BD5F38300A65C43 /* FirebaseFirestoreSwift in Frameworks */ = {isa = PBXBuildFile; productRef = 6EB88F542BD5F38300A65C43 /* FirebaseFirestoreSwift */; };
		6ED50F1E2BE59E5900F39AC5 /* AllCards.swift in Sources */ = {isa = PBXBuildFile; fileRef = 6ED50F1D2BE59E5900F39AC5 /* AllCards.swift */; };
		6ED50F202BE6E10600F39AC5 /* binchrt.ttf in Resources */ = {isa = PBXBuildFile; fileRef = 6ED50F1F2BE6E10600F39AC5 /* binchrt.ttf */; };
		6EDCBD822BE2B9C4002B209C /* RtcBasic in Frameworks */ = {isa = PBXBuildFile; productRef = 6EDCBD812BE2B9C4002B209C /* RtcBasic */; };
/* End PBXBuildFile section */

/* Begin PBXFileReference section */
		6E06FD632BF6FDAB008A8A36 /* ProjectManager.swift */ = {isa = PBXFileReference; lastKnownFileType = sourcecode.swift; path = ProjectManager.swift; sourceTree = "<group>"; };
		6E0EB9822BD198B000EB0350 /* Gemini-Collaboration-IDE-Info.plist */ = {isa = PBXFileReference; lastKnownFileType = text.plist; path = "Gemini-Collaboration-IDE-Info.plist"; sourceTree = SOURCE_ROOT; };
		6E0EB9852BD1A9E800EB0350 /* DocsAppConfig.swift */ = {isa = PBXFileReference; lastKnownFileType = sourcecode.swift; path = DocsAppConfig.swift; sourceTree = "<group>"; };
		6E0EB9872BD1AB7100EB0350 /* config.json */ = {isa = PBXFileReference; fileEncoding = 4; lastKnownFileType = text.json; path = config.json; sourceTree = "<group>"; };
		6E3EE9B82BF6FE4600E986D4 /* Project.swift */ = {isa = PBXFileReference; lastKnownFileType = sourcecode.swift; path = Project.swift; sourceTree = "<group>"; };
		6E3EE9BA2BF7006900E986D4 /* CardView.swift */ = {isa = PBXFileReference; fileEncoding = 4; lastKnownFileType = sourcecode.swift; path = CardView.swift; sourceTree = "<group>"; };
		6E3EE9BB2BF7006900E986D4 /* CreateProjectView.swift */ = {isa = PBXFileReference; fileEncoding = 4; lastKnownFileType = sourcecode.swift; path = CreateProjectView.swift; sourceTree = "<group>"; };
		6E3EE9BC2BF7006900E986D4 /* AllProjectsView.swift */ = {isa = PBXFileReference; fileEncoding = 4; lastKnownFileType = sourcecode.swift; path = AllProjectsView.swift; sourceTree = "<group>"; };
		6E3EE9BD2BF7006900E986D4 /* ContentView.swift */ = {isa = PBXFileReference; fileEncoding = 4; lastKnownFileType = sourcecode.swift; path = ContentView.swift; sourceTree = "<group>"; };
		6E3EE9BE2BF7006900E986D4 /* AgoraKitView.swift */ = {isa = PBXFileReference; fileEncoding = 4; lastKnownFileType = sourcecode.swift; path = AgoraKitView.swift; sourceTree = "<group>"; };
		6E3EE9BF2BF7006900E986D4 /* GeminiView.swift */ = {isa = PBXFileReference; fileEncoding = 4; lastKnownFileType = sourcecode.swift; path = GeminiView.swift; sourceTree = "<group>"; };
		6E3EE9C02BF7006900E986D4 /* SignUpView.swift */ = {isa = PBXFileReference; fileEncoding = 4; lastKnownFileType = sourcecode.swift; path = SignUpView.swift; sourceTree = "<group>"; };
		6E3EE9C12BF7006900E986D4 /* LoginView.swift */ = {isa = PBXFileReference; fileEncoding = 4; lastKnownFileType = sourcecode.swift; path = LoginView.swift; sourceTree = "<group>"; };
		6E3EE9C22BF7006900E986D4 /* JoinProjectView.swift */ = {isa = PBXFileReference; fileEncoding = 4; lastKnownFileType = sourcecode.swift; path = JoinProjectView.swift; sourceTree = "<group>"; };
		6E94E40D2BCB19EB00E8E3E6 /* Gemini Collaboration IDE.app */ = {isa = PBXFileReference; explicitFileType = wrapper.application; includeInIndex = 0; path = "Gemini Collaboration IDE.app"; sourceTree = BUILT_PRODUCTS_DIR; };
		6E94E4102BCB19EB00E8E3E6 /* Gemini_Collaboration_IDEApp.swift */ = {isa = PBXFileReference; lastKnownFileType = sourcecode.swift; path = Gemini_Collaboration_IDEApp.swift; sourceTree = "<group>"; };
		6E94E4142BCB19EC00E8E3E6 /* Assets.xcassets */ = {isa = PBXFileReference; lastKnownFileType = folder.assetcatalog; path = Assets.xcassets; sourceTree = "<group>"; };
		6E94E4172BCB19EC00E8E3E6 /* Preview Assets.xcassets */ = {isa = PBXFileReference; lastKnownFileType = folder.assetcatalog; path = "Preview Assets.xcassets"; sourceTree = "<group>"; };
		6EA0884F2BF5ABF000F22689 /* SpecialButton.swift */ = {isa = PBXFileReference; lastKnownFileType = sourcecode.swift; path = SpecialButton.swift; sourceTree = "<group>"; };
		6EA088552BF6B3E200F22689 /* AuthManager.swift */ = {isa = PBXFileReference; lastKnownFileType = sourcecode.swift; path = AuthManager.swift; sourceTree = "<group>"; };
		6EB88F3C2BD4C1C000A65C43 /* GoogleService-Info.plist */ = {isa = PBXFileReference; fileEncoding = 4; lastKnownFileType = text.plist.xml; path = "GoogleService-Info.plist"; sourceTree = "<group>"; };
		6EB88F492BD4C53400A65C43 /* CodeManager.swift */ = {isa = PBXFileReference; lastKnownFileType = sourcecode.swift; path = CodeManager.swift; sourceTree = "<group>"; };
		6ED50F1D2BE59E5900F39AC5 /* AllCards.swift */ = {isa = PBXFileReference; lastKnownFileType = sourcecode.swift; path = AllCards.swift; sourceTree = "<group>"; };
		6ED50F1F2BE6E10600F39AC5 /* binchrt.ttf */ = {isa = PBXFileReference; lastKnownFileType = file; path = binchrt.ttf; sourceTree = "<group>"; };
/* End PBXFileReference section */

/* Begin PBXFrameworksBuildPhase section */
		6E94E40A2BCB19EB00E8E3E6 /* Frameworks */ = {
			isa = PBXFrameworksBuildPhase;
			buildActionMask = 2147483647;
			files = (
				6E94E4202BCB1A2900E8E3E6 /* GoogleGenerativeAI in Frameworks */,
				6EB88F402BD4C23D00A65C43 /* FirebaseAnalytics in Frameworks */,
				6EB88F462BD4C23D00A65C43 /* FirebaseAnalyticsWithoutAdIdSupport in Frameworks */,
				6EB88F552BD5F38300A65C43 /* FirebaseFirestoreSwift in Frameworks */,
				6EB88F442BD4C23D00A65C43 /* FirebaseAnalyticsSwift in Frameworks */,
				6EB88F512BD4C7C800A65C43 /* FirebaseDatabaseSwift in Frameworks */,
				6EB88F4F2BD4C7BF00A65C43 /* FirebaseDatabase in Frameworks */,
				6EA088582BF6B42B00F22689 /* FirebaseAuth in Frameworks */,
				6EB88F422BD4C23D00A65C43 /* FirebaseAnalyticsOnDeviceConversion in Frameworks */,
				6EB88F532BD5F37C00A65C43 /* FirebaseFirestore in Frameworks */,
				6EDCBD822BE2B9C4002B209C /* RtcBasic in Frameworks */,
			);
			runOnlyForDeploymentPostprocessing = 0;
		};
/* End PBXFrameworksBuildPhase section */

/* Begin PBXGroup section */
		6E06FD652BF6FDBD008A8A36 /* Model */ = {
			isa = PBXGroup;
			children = (
				6E3EE9B82BF6FE4600E986D4 /* Project.swift */,
			);
			path = Model;
			sourceTree = "<group>";
		};
		6E94E4042BCB19EB00E8E3E6 = {
			isa = PBXGroup;
			children = (
				6EDC08232BF6FE1200EF3E5E /* Views */,
				6E06FD652BF6FDBD008A8A36 /* Model */,
				6EA0885F2BF6FD0800F22689 /* Managers */,
				6EA0884F2BF5ABF000F22689 /* SpecialButton.swift */,
				6ED50F1F2BE6E10600F39AC5 /* binchrt.ttf */,
				6ED50F1D2BE59E5900F39AC5 /* AllCards.swift */,
				6E94E40F2BCB19EB00E8E3E6 /* Gemini Collaboration IDE */,
				6E94E40E2BCB19EB00E8E3E6 /* Products */,
				6EB88F4B2BD4C5F200A65C43 /* Frameworks */,
			);
			sourceTree = "<group>";
		};
		6E94E40E2BCB19EB00E8E3E6 /* Products */ = {
			isa = PBXGroup;
			children = (
				6E94E40D2BCB19EB00E8E3E6 /* Gemini Collaboration IDE.app */,
			);
			name = Products;
			sourceTree = "<group>";
		};
		6E94E40F2BCB19EB00E8E3E6 /* Gemini Collaboration IDE */ = {
			isa = PBXGroup;
			children = (
				6EB88F3C2BD4C1C000A65C43 /* GoogleService-Info.plist */,
				6E0EB9872BD1AB7100EB0350 /* config.json */,
				6E0EB9822BD198B000EB0350 /* Gemini-Collaboration-IDE-Info.plist */,
				6E94E4102BCB19EB00E8E3E6 /* Gemini_Collaboration_IDEApp.swift */,
				6E94E4142BCB19EC00E8E3E6 /* Assets.xcassets */,
				6E94E4162BCB19EC00E8E3E6 /* Preview Content */,
				6E0EB9852BD1A9E800EB0350 /* DocsAppConfig.swift */,
			);
			path = "Gemini Collaboration IDE";
			sourceTree = "<group>";
		};
		6E94E4162BCB19EC00E8E3E6 /* Preview Content */ = {
			isa = PBXGroup;
			children = (
				6E94E4172BCB19EC00E8E3E6 /* Preview Assets.xcassets */,
			);
			path = "Preview Content";
			sourceTree = "<group>";
		};
		6EA0885F2BF6FD0800F22689 /* Managers */ = {
			isa = PBXGroup;
			children = (
				6EB88F492BD4C53400A65C43 /* CodeManager.swift */,
				6EA088552BF6B3E200F22689 /* AuthManager.swift */,
				6E06FD632BF6FDAB008A8A36 /* ProjectManager.swift */,
			);
			path = Managers;
			sourceTree = "<group>";
		};
		6EB88F4B2BD4C5F200A65C43 /* Frameworks */ = {
			isa = PBXGroup;
			children = (
			);
			name = Frameworks;
			sourceTree = "<group>";
		};
		6EDC08232BF6FE1200EF3E5E /* Views */ = {
			isa = PBXGroup;
			children = (
				6E3EE9BE2BF7006900E986D4 /* AgoraKitView.swift */,
				6E3EE9BC2BF7006900E986D4 /* AllProjectsView.swift */,
				6E3EE9BA2BF7006900E986D4 /* CardView.swift */,
				6E3EE9BD2BF7006900E986D4 /* ContentView.swift */,
				6E3EE9BB2BF7006900E986D4 /* CreateProjectView.swift */,
				6E3EE9BF2BF7006900E986D4 /* GeminiView.swift */,
				6E3EE9C22BF7006900E986D4 /* JoinProjectView.swift */,
				6E3EE9C12BF7006900E986D4 /* LoginView.swift */,
				6E3EE9C02BF7006900E986D4 /* SignUpView.swift */,
			);
			path = Views;
			sourceTree = "<group>";
		};
/* End PBXGroup section */

/* Begin PBXNativeTarget section */
		6E94E40C2BCB19EB00E8E3E6 /* Gemini Collaboration IDE */ = {
			isa = PBXNativeTarget;
			buildConfigurationList = 6E94E41B2BCB19EC00E8E3E6 /* Build configuration list for PBXNativeTarget "Gemini Collaboration IDE" */;
			buildPhases = (
				6E94E4092BCB19EB00E8E3E6 /* Sources */,
				6E94E40A2BCB19EB00E8E3E6 /* Frameworks */,
				6E94E40B2BCB19EB00E8E3E6 /* Resources */,
			);
			buildRules = (
			);
			dependencies = (
			);
			name = "Gemini Collaboration IDE";
			packageProductDependencies = (
				6E94E41F2BCB1A2900E8E3E6 /* GoogleGenerativeAI */,
				6EB88F3F2BD4C23D00A65C43 /* FirebaseAnalytics */,
				6EB88F412BD4C23D00A65C43 /* FirebaseAnalyticsOnDeviceConversion */,
				6EB88F432BD4C23D00A65C43 /* FirebaseAnalyticsSwift */,
				6EB88F452BD4C23D00A65C43 /* FirebaseAnalyticsWithoutAdIdSupport */,
				6EB88F4E2BD4C7BF00A65C43 /* FirebaseDatabase */,
				6EB88F502BD4C7C800A65C43 /* FirebaseDatabaseSwift */,
				6EB88F522BD5F37C00A65C43 /* FirebaseFirestore */,
				6EB88F542BD5F38300A65C43 /* FirebaseFirestoreSwift */,
				6EDCBD812BE2B9C4002B209C /* RtcBasic */,
				6EA088572BF6B42B00F22689 /* FirebaseAuth */,
			);
			productName = "Gemini Collaboration IDE";
			productReference = 6E94E40D2BCB19EB00E8E3E6 /* Gemini Collaboration IDE.app */;
			productType = "com.apple.product-type.application";
		};
/* End PBXNativeTarget section */

/* Begin PBXProject section */
		6E94E4052BCB19EB00E8E3E6 /* Project object */ = {
			isa = PBXProject;
			attributes = {
				BuildIndependentTargetsInParallel = 1;
				LastSwiftUpdateCheck = 1530;
				LastUpgradeCheck = 1530;
				TargetAttributes = {
					6E94E40C2BCB19EB00E8E3E6 = {
						CreatedOnToolsVersion = 15.3;
					};
				};
			};
			buildConfigurationList = 6E94E4082BCB19EB00E8E3E6 /* Build configuration list for PBXProject "Gemini Collaboration IDE" */;
			compatibilityVersion = "Xcode 14.0";
			developmentRegion = en;
			hasScannedForEncodings = 0;
			knownRegions = (
				en,
				Base,
			);
			mainGroup = 6E94E4042BCB19EB00E8E3E6;
			packageReferences = (
				6E94E41E2BCB1A2900E8E3E6 /* XCRemoteSwiftPackageReference "generative-ai-swift" */,
				6EB88F3E2BD4C23D00A65C43 /* XCRemoteSwiftPackageReference "firebase-ios-sdk" */,
				6EDCBD802BE2B9C4002B209C /* XCRemoteSwiftPackageReference "AgoraRtcEngine_iOS" */,
			);
			productRefGroup = 6E94E40E2BCB19EB00E8E3E6 /* Products */;
			projectDirPath = "";
			projectRoot = "";
			targets = (
				6E94E40C2BCB19EB00E8E3E6 /* Gemini Collaboration IDE */,
			);
		};
/* End PBXProject section */

/* Begin PBXResourcesBuildPhase section */
		6E94E40B2BCB19EB00E8E3E6 /* Resources */ = {
			isa = PBXResourcesBuildPhase;
			buildActionMask = 2147483647;
			files = (
				6E94E4182BCB19EC00E8E3E6 /* Preview Assets.xcassets in Resources */,
				6EB88F3D2BD4C1C000A65C43 /* GoogleService-Info.plist in Resources */,
				6E94E4152BCB19EC00E8E3E6 /* Assets.xcassets in Resources */,
				6E0EB9882BD1AB7100EB0350 /* config.json in Resources */,
				6ED50F202BE6E10600F39AC5 /* binchrt.ttf in Resources */,
			);
			runOnlyForDeploymentPostprocessing = 0;
		};
/* End PBXResourcesBuildPhase section */

/* Begin PBXSourcesBuildPhase section */
		6E94E4092BCB19EB00E8E3E6 /* Sources */ = {
			isa = PBXSourcesBuildPhase;
			buildActionMask = 2147483647;
			files = (
				6EA088502BF5ABF000F22689 /* SpecialButton.swift in Sources */,
				6E3EE9C92BF7006900E986D4 /* SignUpView.swift in Sources */,
				6E3EE9C72BF7006900E986D4 /* AgoraKitView.swift in Sources */,
				6E3EE9C32BF7006900E986D4 /* CardView.swift in Sources */,
				6E3EE9C62BF7006900E986D4 /* ContentView.swift in Sources */,
				6EA088562BF6B3E200F22689 /* AuthManager.swift in Sources */,
				6E94E4112BCB19EB00E8E3E6 /* Gemini_Collaboration_IDEApp.swift in Sources */,
				6E3EE9C52BF7006900E986D4 /* AllProjectsView.swift in Sources */,
				6E0EB9862BD1A9E800EB0350 /* DocsAppConfig.swift in Sources */,
				6ED50F1E2BE59E5900F39AC5 /* AllCards.swift in Sources */,
				6E3EE9CB2BF7006900E986D4 /* JoinProjectView.swift in Sources */,
				6E3EE9C82BF7006900E986D4 /* GeminiView.swift in Sources */,
				6E3EE9C42BF7006900E986D4 /* CreateProjectView.swift in Sources */,
				6EB88F4A2BD4C53400A65C43 /* CodeManager.swift in Sources */,
				6E3EE9B92BF6FE4600E986D4 /* Project.swift in Sources */,
				6E3EE9CA2BF7006900E986D4 /* LoginView.swift in Sources */,
				6E06FD642BF6FDAB008A8A36 /* ProjectManager.swift in Sources */,
			);
			runOnlyForDeploymentPostprocessing = 0;
		};
/* End PBXSourcesBuildPhase section */

/* Begin XCBuildConfiguration section */
		6E94E4192BCB19EC00E8E3E6 /* Debug */ = {
			isa = XCBuildConfiguration;
			buildSettings = {
				ALWAYS_SEARCH_USER_PATHS = NO;
				ASSETCATALOG_COMPILER_GENERATE_SWIFT_ASSET_SYMBOL_EXTENSIONS = YES;
				CLANG_ANALYZER_NONNULL = YES;
				CLANG_ANALYZER_NUMBER_OBJECT_CONVERSION = YES_AGGRESSIVE;
				CLANG_CXX_LANGUAGE_STANDARD = "gnu++20";
				CLANG_ENABLE_MODULES = YES;
				CLANG_ENABLE_OBJC_ARC = YES;
				CLANG_ENABLE_OBJC_WEAK = YES;
				CLANG_WARN_BLOCK_CAPTURE_AUTORELEASING = YES;
				CLANG_WARN_BOOL_CONVERSION = YES;
				CLANG_WARN_COMMA = YES;
				CLANG_WARN_CONSTANT_CONVERSION = YES;
				CLANG_WARN_DEPRECATED_OBJC_IMPLEMENTATIONS = YES;
				CLANG_WARN_DIRECT_OBJC_ISA_USAGE = YES_ERROR;
				CLANG_WARN_DOCUMENTATION_COMMENTS = YES;
				CLANG_WARN_EMPTY_BODY = YES;
				CLANG_WARN_ENUM_CONVERSION = YES;
				CLANG_WARN_INFINITE_RECURSION = YES;
				CLANG_WARN_INT_CONVERSION = YES;
				CLANG_WARN_NON_LITERAL_NULL_CONVERSION = YES;
				CLANG_WARN_OBJC_IMPLICIT_RETAIN_SELF = YES;
				CLANG_WARN_OBJC_LITERAL_CONVERSION = YES;
				CLANG_WARN_OBJC_ROOT_CLASS = YES_ERROR;
				CLANG_WARN_QUOTED_INCLUDE_IN_FRAMEWORK_HEADER = YES;
				CLANG_WARN_RANGE_LOOP_ANALYSIS = YES;
				CLANG_WARN_STRICT_PROTOTYPES = YES;
				CLANG_WARN_SUSPICIOUS_MOVE = YES;
				CLANG_WARN_UNGUARDED_AVAILABILITY = YES_AGGRESSIVE;
				CLANG_WARN_UNREACHABLE_CODE = YES;
				CLANG_WARN__DUPLICATE_METHOD_MATCH = YES;
				COPY_PHASE_STRIP = NO;
				DEBUG_INFORMATION_FORMAT = dwarf;
				ENABLE_STRICT_OBJC_MSGSEND = YES;
				ENABLE_TESTABILITY = YES;
				ENABLE_USER_SCRIPT_SANDBOXING = YES;
				GCC_C_LANGUAGE_STANDARD = gnu17;
				GCC_DYNAMIC_NO_PIC = NO;
				GCC_NO_COMMON_BLOCKS = YES;
				GCC_OPTIMIZATION_LEVEL = 0;
				GCC_PREPROCESSOR_DEFINITIONS = (
					"DEBUG=1",
					"$(inherited)",
				);
				GCC_WARN_64_TO_32_BIT_CONVERSION = YES;
				GCC_WARN_ABOUT_RETURN_TYPE = YES_ERROR;
				GCC_WARN_UNDECLARED_SELECTOR = YES;
				GCC_WARN_UNINITIALIZED_AUTOS = YES_AGGRESSIVE;
				GCC_WARN_UNUSED_FUNCTION = YES;
				GCC_WARN_UNUSED_VARIABLE = YES;
				IPHONEOS_DEPLOYMENT_TARGET = 17.4;
				LOCALIZATION_PREFERS_STRING_CATALOGS = YES;
				MTL_ENABLE_DEBUG_INFO = INCLUDE_SOURCE;
				MTL_FAST_MATH = YES;
				ONLY_ACTIVE_ARCH = YES;
				SDKROOT = iphoneos;
				SWIFT_ACTIVE_COMPILATION_CONDITIONS = "DEBUG $(inherited)";
				SWIFT_OPTIMIZATION_LEVEL = "-Onone";
			};
			name = Debug;
		};
		6E94E41A2BCB19EC00E8E3E6 /* Release */ = {
			isa = XCBuildConfiguration;
			buildSettings = {
				ALWAYS_SEARCH_USER_PATHS = NO;
				ASSETCATALOG_COMPILER_GENERATE_SWIFT_ASSET_SYMBOL_EXTENSIONS = YES;
				CLANG_ANALYZER_NONNULL = YES;
				CLANG_ANALYZER_NUMBER_OBJECT_CONVERSION = YES_AGGRESSIVE;
				CLANG_CXX_LANGUAGE_STANDARD = "gnu++20";
				CLANG_ENABLE_MODULES = YES;
				CLANG_ENABLE_OBJC_ARC = YES;
				CLANG_ENABLE_OBJC_WEAK = YES;
				CLANG_WARN_BLOCK_CAPTURE_AUTORELEASING = YES;
				CLANG_WARN_BOOL_CONVERSION = YES;
				CLANG_WARN_COMMA = YES;
				CLANG_WARN_CONSTANT_CONVERSION = YES;
				CLANG_WARN_DEPRECATED_OBJC_IMPLEMENTATIONS = YES;
				CLANG_WARN_DIRECT_OBJC_ISA_USAGE = YES_ERROR;
				CLANG_WARN_DOCUMENTATION_COMMENTS = YES;
				CLANG_WARN_EMPTY_BODY = YES;
				CLANG_WARN_ENUM_CONVERSION = YES;
				CLANG_WARN_INFINITE_RECURSION = YES;
				CLANG_WARN_INT_CONVERSION = YES;
				CLANG_WARN_NON_LITERAL_NULL_CONVERSION = YES;
				CLANG_WARN_OBJC_IMPLICIT_RETAIN_SELF = YES;
				CLANG_WARN_OBJC_LITERAL_CONVERSION = YES;
				CLANG_WARN_OBJC_ROOT_CLASS = YES_ERROR;
				CLANG_WARN_QUOTED_INCLUDE_IN_FRAMEWORK_HEADER = YES;
				CLANG_WARN_RANGE_LOOP_ANALYSIS = YES;
				CLANG_WARN_STRICT_PROTOTYPES = YES;
				CLANG_WARN_SUSPICIOUS_MOVE = YES;
				CLANG_WARN_UNGUARDED_AVAILABILITY = YES_AGGRESSIVE;
				CLANG_WARN_UNREACHABLE_CODE = YES;
				CLANG_WARN__DUPLICATE_METHOD_MATCH = YES;
				COPY_PHASE_STRIP = NO;
				DEBUG_INFORMATION_FORMAT = "dwarf-with-dsym";
				ENABLE_NS_ASSERTIONS = NO;
				ENABLE_STRICT_OBJC_MSGSEND = YES;
				ENABLE_USER_SCRIPT_SANDBOXING = YES;
				GCC_C_LANGUAGE_STANDARD = gnu17;
				GCC_NO_COMMON_BLOCKS = YES;
				GCC_WARN_64_TO_32_BIT_CONVERSION = YES;
				GCC_WARN_ABOUT_RETURN_TYPE = YES_ERROR;
				GCC_WARN_UNDECLARED_SELECTOR = YES;
				GCC_WARN_UNINITIALIZED_AUTOS = YES_AGGRESSIVE;
				GCC_WARN_UNUSED_FUNCTION = YES;
				GCC_WARN_UNUSED_VARIABLE = YES;
				IPHONEOS_DEPLOYMENT_TARGET = 17.4;
				LOCALIZATION_PREFERS_STRING_CATALOGS = YES;
				MTL_ENABLE_DEBUG_INFO = NO;
				MTL_FAST_MATH = YES;
				SDKROOT = iphoneos;
				SWIFT_COMPILATION_MODE = wholemodule;
				VALIDATE_PRODUCT = YES;
			};
			name = Release;
		};
		6E94E41C2BCB19EC00E8E3E6 /* Debug */ = {
			isa = XCBuildConfiguration;
			buildSettings = {
				ASSETCATALOG_COMPILER_APPICON_NAME = AppIcon;
				ASSETCATALOG_COMPILER_GLOBAL_ACCENT_COLOR_NAME = AccentColor;
				CODE_SIGN_STYLE = Automatic;
				CURRENT_PROJECT_VERSION = 1;
				DEVELOPMENT_ASSET_PATHS = "\"Gemini Collaboration IDE/Preview Content\"";
				DEVELOPMENT_TEAM = 4NFBA37TDD;
				ENABLE_PREVIEWS = YES;
				FRAMEWORK_SEARCH_PATHS = "$(PROJECT_DIR)";
				GENERATE_INFOPLIST_FILE = YES;
				INFOPLIST_FILE = "Gemini-Collaboration-IDE-Info.plist";
				INFOPLIST_KEY_NSMicrophoneUsageDescription = "Your microphone is needed for audio communication";
				INFOPLIST_KEY_UIApplicationSceneManifest_Generation = YES;
				INFOPLIST_KEY_UIApplicationSupportsIndirectInputEvents = YES;
				INFOPLIST_KEY_UILaunchScreen_Generation = YES;
				INFOPLIST_KEY_UISupportedInterfaceOrientations_iPad = "UIInterfaceOrientationPortrait UIInterfaceOrientationPortraitUpsideDown UIInterfaceOrientationLandscapeLeft UIInterfaceOrientationLandscapeRight";
				INFOPLIST_KEY_UISupportedInterfaceOrientations_iPhone = "UIInterfaceOrientationPortrait UIInterfaceOrientationLandscapeLeft UIInterfaceOrientationLandscapeRight";
				LD_RUNPATH_SEARCH_PATHS = (
					"$(inherited)",
					"@executable_path/Frameworks",
				);
				LIBRARY_SEARCH_PATHS = (
					"$(inherited)",
					"$(PROJECT_DIR)/Gemini\\ Collaboration\\ IDE",
					"$(PROJECT_DIR)/Gemini\\ Collaboration\\ IDE",
				);
				MARKETING_VERSION = 1.0;
				OTHER_LDFLAGS = (
					"-lc++",
					"-ObjC",
				);
				PRODUCT_BUNDLE_IDENTIFIER = "vmj.Gemini-Collaboration-IDE";
				PRODUCT_NAME = "$(TARGET_NAME)";
				SWIFT_EMIT_LOC_STRINGS = YES;
				SWIFT_VERSION = 5.0;
				TARGETED_DEVICE_FAMILY = "1,2";
			};
			name = Debug;
		};
		6E94E41D2BCB19EC00E8E3E6 /* Release */ = {
			isa = XCBuildConfiguration;
			buildSettings = {
				ASSETCATALOG_COMPILER_APPICON_NAME = AppIcon;
				ASSETCATALOG_COMPILER_GLOBAL_ACCENT_COLOR_NAME = AccentColor;
				CODE_SIGN_STYLE = Automatic;
				CURRENT_PROJECT_VERSION = 1;
				DEVELOPMENT_ASSET_PATHS = "\"Gemini Collaboration IDE/Preview Content\"";
				DEVELOPMENT_TEAM = 4NFBA37TDD;
				ENABLE_PREVIEWS = YES;
				FRAMEWORK_SEARCH_PATHS = "$(PROJECT_DIR)";
				GENERATE_INFOPLIST_FILE = YES;
				INFOPLIST_FILE = "Gemini-Collaboration-IDE-Info.plist";
				INFOPLIST_KEY_NSMicrophoneUsageDescription = "Your microphone is needed for audio communication";
				INFOPLIST_KEY_UIApplicationSceneManifest_Generation = YES;
				INFOPLIST_KEY_UIApplicationSupportsIndirectInputEvents = YES;
				INFOPLIST_KEY_UILaunchScreen_Generation = YES;
				INFOPLIST_KEY_UISupportedInterfaceOrientations_iPad = "UIInterfaceOrientationPortrait UIInterfaceOrientationPortraitUpsideDown UIInterfaceOrientationLandscapeLeft UIInterfaceOrientationLandscapeRight";
				INFOPLIST_KEY_UISupportedInterfaceOrientations_iPhone = "UIInterfaceOrientationPortrait UIInterfaceOrientationLandscapeLeft UIInterfaceOrientationLandscapeRight";
				LD_RUNPATH_SEARCH_PATHS = (
					"$(inherited)",
					"@executable_path/Frameworks",
				);
				LIBRARY_SEARCH_PATHS = (
					"$(inherited)",
					"$(PROJECT_DIR)/Gemini\\ Collaboration\\ IDE",
					"$(PROJECT_DIR)/Gemini\\ Collaboration\\ IDE",
				);
				MARKETING_VERSION = 1.0;
				OTHER_LDFLAGS = (
					"-lc++",
					"-ObjC",
				);
				PRODUCT_BUNDLE_IDENTIFIER = "vmj.Gemini-Collaboration-IDE";
				PRODUCT_NAME = "$(TARGET_NAME)";
				SWIFT_EMIT_LOC_STRINGS = YES;
				SWIFT_VERSION = 5.0;
				TARGETED_DEVICE_FAMILY = "1,2";
			};
			name = Release;
		};
/* End XCBuildConfiguration section */

/* Begin XCConfigurationList section */
		6E94E4082BCB19EB00E8E3E6 /* Build configuration list for PBXProject "Gemini Collaboration IDE" */ = {
			isa = XCConfigurationList;
			buildConfigurations = (
				6E94E4192BCB19EC00E8E3E6 /* Debug */,
				6E94E41A2BCB19EC00E8E3E6 /* Release */,
			);
			defaultConfigurationIsVisible = 0;
			defaultConfigurationName = Release;
		};
		6E94E41B2BCB19EC00E8E3E6 /* Build configuration list for PBXNativeTarget "Gemini Collaboration IDE" */ = {
			isa = XCConfigurationList;
			buildConfigurations = (
				6E94E41C2BCB19EC00E8E3E6 /* Debug */,
				6E94E41D2BCB19EC00E8E3E6 /* Release */,
			);
			defaultConfigurationIsVisible = 0;
			defaultConfigurationName = Release;
		};
/* End XCConfigurationList section */

/* Begin XCRemoteSwiftPackageReference section */
		6E94E41E2BCB1A2900E8E3E6 /* XCRemoteSwiftPackageReference "generative-ai-swift" */ = {
			isa = XCRemoteSwiftPackageReference;
			repositoryURL = "https://github.com/google/generative-ai-swift";
			requirement = {
				kind = upToNextMajorVersion;
				minimumVersion = 0.4.11;
			};
		};
		6EB88F3E2BD4C23D00A65C43 /* XCRemoteSwiftPackageReference "firebase-ios-sdk" */ = {
			isa = XCRemoteSwiftPackageReference;
			repositoryURL = "https://github.com/firebase/firebase-ios-sdk";
			requirement = {
				kind = upToNextMajorVersion;
				minimumVersion = 10.24.0;
			};
		};
		6EDCBD802BE2B9C4002B209C /* XCRemoteSwiftPackageReference "AgoraRtcEngine_iOS" */ = {
			isa = XCRemoteSwiftPackageReference;
			repositoryURL = "https://github.com/AgoraIO/AgoraRtcEngine_iOS";
			requirement = {
				kind = upToNextMajorVersion;
				minimumVersion = 4.3.1;
			};
		};
/* End XCRemoteSwiftPackageReference section */

/* Begin XCSwiftPackageProductDependency section */
		6E94E41F2BCB1A2900E8E3E6 /* GoogleGenerativeAI */ = {
			isa = XCSwiftPackageProductDependency;
			package = 6E94E41E2BCB1A2900E8E3E6 /* XCRemoteSwiftPackageReference "generative-ai-swift" */;
			productName = GoogleGenerativeAI;
		};
		6EA088572BF6B42B00F22689 /* FirebaseAuth */ = {
			isa = XCSwiftPackageProductDependency;
			package = 6EB88F3E2BD4C23D00A65C43 /* XCRemoteSwiftPackageReference "firebase-ios-sdk" */;
			productName = FirebaseAuth;
		};
		6EB88F3F2BD4C23D00A65C43 /* FirebaseAnalytics */ = {
			isa = XCSwiftPackageProductDependency;
			package = 6EB88F3E2BD4C23D00A65C43 /* XCRemoteSwiftPackageReference "firebase-ios-sdk" */;
			productName = FirebaseAnalytics;
		};
		6EB88F412BD4C23D00A65C43 /* FirebaseAnalyticsOnDeviceConversion */ = {
			isa = XCSwiftPackageProductDependency;
			package = 6EB88F3E2BD4C23D00A65C43 /* XCRemoteSwiftPackageReference "firebase-ios-sdk" */;
			productName = FirebaseAnalyticsOnDeviceConversion;
		};
		6EB88F432BD4C23D00A65C43 /* FirebaseAnalyticsSwift */ = {
			isa = XCSwiftPackageProductDependency;
			package = 6EB88F3E2BD4C23D00A65C43 /* XCRemoteSwiftPackageReference "firebase-ios-sdk" */;
			productName = FirebaseAnalyticsSwift;
		};
		6EB88F452BD4C23D00A65C43 /* FirebaseAnalyticsWithoutAdIdSupport */ = {
			isa = XCSwiftPackageProductDependency;
			package = 6EB88F3E2BD4C23D00A65C43 /* XCRemoteSwiftPackageReference "firebase-ios-sdk" */;
			productName = FirebaseAnalyticsWithoutAdIdSupport;
		};
		6EB88F4E2BD4C7BF00A65C43 /* FirebaseDatabase */ = {
			isa = XCSwiftPackageProductDependency;
			package = 6EB88F3E2BD4C23D00A65C43 /* XCRemoteSwiftPackageReference "firebase-ios-sdk" */;
			productName = FirebaseDatabase;
		};
		6EB88F502BD4C7C800A65C43 /* FirebaseDatabaseSwift */ = {
			isa = XCSwiftPackageProductDependency;
			package = 6EB88F3E2BD4C23D00A65C43 /* XCRemoteSwiftPackageReference "firebase-ios-sdk" */;
			productName = FirebaseDatabaseSwift;
		};
		6EB88F522BD5F37C00A65C43 /* FirebaseFirestore */ = {
			isa = XCSwiftPackageProductDependency;
			package = 6EB88F3E2BD4C23D00A65C43 /* XCRemoteSwiftPackageReference "firebase-ios-sdk" */;
			productName = FirebaseFirestore;
		};
		6EB88F542BD5F38300A65C43 /* FirebaseFirestoreSwift */ = {
			isa = XCSwiftPackageProductDependency;
			package = 6EB88F3E2BD4C23D00A65C43 /* XCRemoteSwiftPackageReference "firebase-ios-sdk" */;
			productName = FirebaseFirestoreSwift;
		};
		6EDCBD812BE2B9C4002B209C /* RtcBasic */ = {
			isa = XCSwiftPackageProductDependency;
			package = 6EDCBD802BE2B9C4002B209C /* XCRemoteSwiftPackageReference "AgoraRtcEngine_iOS" */;
			productName = RtcBasic;
		};
/* End XCSwiftPackageProductDependency section */
	};
	rootObject = 6E94E4052BCB19EB00E8E3E6 /* Project object */;
}
